{
  "nodes": {
    "home-manager": {
      "inputs": {
        "nixpkgs": [
          "nixpkgs"
        ]
      },
      "locked": {
        "lastModified": 1700695018,
        "narHash": "sha256-MAiPLgBF4GLzSOlhnPCDWkWW5CDx4i7ApIYaR+TwTVg=",
        "owner": "nix-community",
        "repo": "home-manager",
        "rev": "134deb46abd5d0889d913b8509413f6f38b0811e",
        "type": "github"
      },
      "original": {
        "owner": "nix-community",
        "repo": "home-manager",
        "type": "github"
      }
    },
    "nixpkgs": {
      "locked": {
        "lastModified": 1700761628,
        "narHash": "sha256-F6+bLipKN338b7QL/yHYtYW7zIqffx5Ezw2mNZUBDF0=",
        "owner": "nixos",
        "repo": "nixpkgs",
        "rev": "1a9dc0c41a9c62d2445ef342df103752ffbc9356",
        "type": "github"
      },
      "original": {
        "owner": "nixos",
        "ref": "master",
        "repo": "nixpkgs",
        "type": "github"
      }
    },
    "root": {
      "inputs": {
        "home-manager": "home-manager",
        "nixpkgs": "nixpkgs"
      }
    }
  },
  "root": "root",
  "version": 7
}
